
Microsoft Visual Studio Solution File, Format Version 12.00
# Visual Studio Version 16
VisualStudioVersion = 16.0.29728.190
MinimumVisualStudioVersion = 10.0.40219.1
Project("{FAE04EC0-301F-11D3-BF4B-00C04F79EFBC}") = "EJ_INDIVIDUAL_2", "EJ_INDIVIDUAL_2.csproj", "{44013842-5E74-4F56-B68E-5DAAF2F58B86}"
EndProject
Global
	GlobalSection(SolutionConfigurationPlatforms) = preSolution
		Debug|Any CPU = Debug|Any CPU
		Release|Any CPU = Release|Any CPU
	EndGlobalSection
	GlobalSection(ProjectConfigurationPlatforms) = postSolution
		{44013842-5E74-4F56-B68E-5DAAF2F58B86}.Debug|Any CPU.ActiveCfg = Debug|Any CPU
		{44013842-5E74-4F56-B68E-5DAAF2F58B86}.Debug|Any CPU.Build.0 = Debug|Any CPU
		{44013842-5E74-4F56-B68E-5DAAF2F58B86}.Release|Any CPU.ActiveCfg = Release|Any CPU
		{44013842-5E74-4F56-B68E-5DAAF2F58B86}.Release|Any CPU.Build.0 = Release|Any CPU
	EndGlobalSection
	GlobalSection(SolutionProperties) = preSolution
		HideSolutionNode = FALSE
	EndGlobalSection
	GlobalSection(ExtensibilityGlobals) = postSolution
		SolutionGuid = {C49F641D-380A-4056-9D53-DC29544152A1}
	EndGlobalSection
EndGlobal
